{
  "requires": true,
  "lockfileVersion": 1,
  "dependencies": {
    "ngx-alerts": {
      "version": "3.4.5",
      "resolved": "https://registry.npmjs.org/ngx-alerts/-/ngx-alerts-3.4.5.tgz",
      "integrity": "sha512-g1+pvtejYhH+GLts17fB4vaoIJ3Cynw6efQ+gNXmFbnHTcyOgOoA4aqbMoUMUn/0dytFeV158EDXN9Sd3zOLEQ==",
      "requires": {
        "tslib": "^1.9.0"
      }
    },
    "ngx-spinner": {
      "version": "7.1.4",
      "resolved": "https://registry.npmjs.org/ngx-spinner/-/ngx-spinner-7.1.4.tgz",
      "integrity": "sha512-J8+ObulyapAjJfW2bEfFnlmSnp1NA80vtuplZjTa/wQa1Z6tBptmV2g0OLVCJhu/5wjmxV+gbMfN/t2FDup0Bw==",
      "requires": {
        "tslib": "^1.9.0"
      }
    },
    "sweetalert2": {
      "version": "8.13.1",
      "resolved": "https://registry.npmjs.org/sweetalert2/-/sweetalert2-8.13.1.tgz",
      "integrity": "sha512-5Q5R2yvzyDZufAKX0XKv6X7EXsSB/qO2IcyQgrGNTID4EvW4KE4RjMIagn27zb9e+eoeN/dOOetXRufmYJxJWA=="
    },
    "tslib": {
      "version": "1.10.0",
      "resolved": "https://registry.npmjs.org/tslib/-/tslib-1.10.0.tgz",
      "integrity": "sha512-qOebF53frne81cf0S9B41ByenJ3/IuH8yJKngAX35CmiZySA0khhkovshKK+jGCaMnVomla7gVlIcc3EvKPbTQ=="
    }
  }
}
